schema: '2.0'
stages:
  data_ingestion:
    cmd: python src/data_ingestion.py
    deps:
    - path: src/data_ingestion.py
      hash: md5
      md5: e891599fb6da050745a8979350946eb7
      size: 3675
    params:
      params.yaml:
        data_ingestion.test_size: 0.15
    outs:
    - path: data/raw
      hash: md5
      md5: a15ba66afdf82f8659b031b175286ed3.dir
      size: 484846
      nfiles: 2
  data_preprocessing:
    cmd: python src/data_preprocessing.py
    deps:
    - path: data/raw
      hash: md5
      md5: a15ba66afdf82f8659b031b175286ed3.dir
      size: 484846
      nfiles: 2
    - path: src/data_preprocessing.py
      hash: md5
      md5: b1da08777a6fc9c304e3dc15e46fc4ea
      size: 4017
    outs:
    - path: data/interim
      hash: md5
      md5: 60a6fff4e80508df65a68e383fa2725e.dir
      size: 259164
      nfiles: 2
  feature_engineering:
    cmd: python src/feature_engineering.py
    deps:
    - path: data/interim
      hash: md5
      md5: 60a6fff4e80508df65a68e383fa2725e.dir
      size: 259164
      nfiles: 2
    - path: src/feature_engineering.py
      hash: md5
      md5: cf8448c21ab5f64a81b288de0c331814
      size: 3910
    params:
      params.yaml:
        feature_engineering.max_features: 70
    outs:
    - path: data/processed
      hash: md5
      md5: 428c26f6f20ff2712640d3854b45a9be.dir
      size: 1629641
      nfiles: 2
  model_building:
    cmd: python src/model_building.py
    deps:
    - path: data/processed
      hash: md5
      md5: 428c26f6f20ff2712640d3854b45a9be.dir
      size: 1629641
      nfiles: 2
    - path: src/model_building.py
      hash: md5
      md5: 7fb113fe557a3cee824e11542dd8cba6
      size: 4518
    params:
      params.yaml:
        model_building.n_estimators: 20
        model_building.random_state: 2
    outs:
    - path: models/model.pkl
      hash: md5
      md5: 31f891209cbcf7c2e1081a8b2da97ef0
      size: 989622
  model_evaluation:
    cmd: python src/model_evaluation.py
    deps:
    - path: models/model.pkl
      hash: md5
      md5: 31f891209cbcf7c2e1081a8b2da97ef0
      size: 989622
    - path: src/model_evaluation.py
      hash: md5
      md5: 8cfc626965acb9d06fd0b072de20c59f
      size: 4721
    outs:
    - path: reports/metrics.json
      hash: md5
      md5: 0eff604f85957e1eaab2019b91d8d578
      size: 144
